
Microsoft Visual Studio Solution File, Format Version 12.00
# Visual Studio Version 17
VisualStudioVersion = 17.11.35327.3
MinimumVisualStudioVersion = 10.0.40219.1
Project("{FAE04EC0-301F-11D3-BF4B-00C04F79EFBC}") = "Assignment_3_2_2", "Assignment_3_2_2.csproj", "{C25C9F18-5DB9-484E-8912-9A1A2554B3A2}"
EndProject
Global
	GlobalSection(SolutionConfigurationPlatforms) = preSolution
		Debug|Any CPU = Debug|Any CPU
		Release|Any CPU = Release|Any CPU
	EndGlobalSection
	GlobalSection(ProjectConfigurationPlatforms) = postSolution
		{C25C9F18-5DB9-484E-8912-9A1A2554B3A2}.Debug|Any CPU.ActiveCfg = Debug|Any CPU
		{C25C9F18-5DB9-484E-8912-9A1A2554B3A2}.Debug|Any CPU.Build.0 = Debug|Any CPU
		{C25C9F18-5DB9-484E-8912-9A1A2554B3A2}.Release|Any CPU.ActiveCfg = Release|Any CPU
		{C25C9F18-5DB9-484E-8912-9A1A2554B3A2}.Release|Any CPU.Build.0 = Release|Any CPU
	EndGlobalSection
	GlobalSection(SolutionProperties) = preSolution
		HideSolutionNode = FALSE
	EndGlobalSection
	GlobalSection(ExtensibilityGlobals) = postSolution
		SolutionGuid = {92A9B955-105C-4D0F-A206-6C62CF50CE68}
	EndGlobalSection
EndGlobal
